
Microsoft Visual Studio Solution File, Format Version 12.00
# Visual Studio 2012
Project("{FAE04EC0-301F-11D3-BF4B-00C04F79EFBC}") = "Messages", "Messages\Messages.csproj", "{4C9DD38F-B9FD-401A-A4F6-F1B9C512B5B6}"
EndProject
Project("{FAE04EC0-301F-11D3-BF4B-00C04F79EFBC}") = "Router", "Router\Router.csproj", "{1BAC41D0-59B9-4259-B170-63AFCF08A712}"
EndProject
Project("{FAE04EC0-301F-11D3-BF4B-00C04F79EFBC}") = "Packout", "Packout\Packout.csproj", "{32492C29-9352-4E6D-AE5F-A46456F57C3D}"
EndProject
Project("{2150E333-8FDC-42A3-9474-1A3956D46DE8}") = "Clients", "Clients", "{727C9BF0-2B24-4AD6-9246-A03FDDC0FFFD}"
EndProject
Project("{FAE04EC0-301F-11D3-BF4B-00C04F79EFBC}") = "Reporting", "Reporting\Reporting.csproj", "{1F9CB232-B915-4272-8E49-55EAA7F81D22}"
EndProject
Project("{FAE04EC0-301F-11D3-BF4B-00C04F79EFBC}") = "Web", "Web\Web.csproj", "{EE5BC0E7-D7F7-48B1-B8FE-786F8FCEFA49}"
EndProject
Project("{FAE04EC0-301F-11D3-BF4B-00C04F79EFBC}") = "Assemble", "Assemble\Assemble.csproj", "{893A3667-4C95-42C1-89D5-F71004AA1475}"
EndProject
Project("{2150E333-8FDC-42A3-9474-1A3956D46DE8}") = "Operations", "Operations", "{EF0267D9-08CE-4732-A119-BC7D887CF6AD}"
EndProject
Project("{2150E333-8FDC-42A3-9474-1A3956D46DE8}") = "Routing", "Routing", "{AACCE101-CCA5-47A6-A55C-443992F60A59}"
EndProject
Project("{FAE04EC0-301F-11D3-BF4B-00C04F79EFBC}") = "Tests", "Tests\Tests.csproj", "{1D431F26-3DE4-4E6A-8559-BD3437FA8937}"
EndProject
Global
	GlobalSection(SolutionConfigurationPlatforms) = preSolution
		Debug|Any CPU = Debug|Any CPU
		Release|Any CPU = Release|Any CPU
	EndGlobalSection
	GlobalSection(ProjectConfigurationPlatforms) = postSolution
		{4C9DD38F-B9FD-401A-A4F6-F1B9C512B5B6}.Debug|Any CPU.ActiveCfg = Debug|Any CPU
		{4C9DD38F-B9FD-401A-A4F6-F1B9C512B5B6}.Debug|Any CPU.Build.0 = Debug|Any CPU
		{4C9DD38F-B9FD-401A-A4F6-F1B9C512B5B6}.Release|Any CPU.ActiveCfg = Release|Any CPU
		{4C9DD38F-B9FD-401A-A4F6-F1B9C512B5B6}.Release|Any CPU.Build.0 = Release|Any CPU
		{1BAC41D0-59B9-4259-B170-63AFCF08A712}.Debug|Any CPU.ActiveCfg = Debug|Any CPU
		{1BAC41D0-59B9-4259-B170-63AFCF08A712}.Debug|Any CPU.Build.0 = Debug|Any CPU
		{1BAC41D0-59B9-4259-B170-63AFCF08A712}.Release|Any CPU.ActiveCfg = Release|Any CPU
		{1BAC41D0-59B9-4259-B170-63AFCF08A712}.Release|Any CPU.Build.0 = Release|Any CPU
		{32492C29-9352-4E6D-AE5F-A46456F57C3D}.Debug|Any CPU.ActiveCfg = Debug|Any CPU
		{32492C29-9352-4E6D-AE5F-A46456F57C3D}.Debug|Any CPU.Build.0 = Debug|Any CPU
		{32492C29-9352-4E6D-AE5F-A46456F57C3D}.Release|Any CPU.ActiveCfg = Release|Any CPU
		{32492C29-9352-4E6D-AE5F-A46456F57C3D}.Release|Any CPU.Build.0 = Release|Any CPU
		{1F9CB232-B915-4272-8E49-55EAA7F81D22}.Debug|Any CPU.ActiveCfg = Debug|Any CPU
		{1F9CB232-B915-4272-8E49-55EAA7F81D22}.Debug|Any CPU.Build.0 = Debug|Any CPU
		{1F9CB232-B915-4272-8E49-55EAA7F81D22}.Release|Any CPU.ActiveCfg = Release|Any CPU
		{1F9CB232-B915-4272-8E49-55EAA7F81D22}.Release|Any CPU.Build.0 = Release|Any CPU
		{EE5BC0E7-D7F7-48B1-B8FE-786F8FCEFA49}.Debug|Any CPU.ActiveCfg = Debug|Any CPU
		{EE5BC0E7-D7F7-48B1-B8FE-786F8FCEFA49}.Debug|Any CPU.Build.0 = Debug|Any CPU
		{EE5BC0E7-D7F7-48B1-B8FE-786F8FCEFA49}.Release|Any CPU.ActiveCfg = Release|Any CPU
		{EE5BC0E7-D7F7-48B1-B8FE-786F8FCEFA49}.Release|Any CPU.Build.0 = Release|Any CPU
		{893A3667-4C95-42C1-89D5-F71004AA1475}.Debug|Any CPU.ActiveCfg = Debug|Any CPU
		{893A3667-4C95-42C1-89D5-F71004AA1475}.Debug|Any CPU.Build.0 = Debug|Any CPU
		{893A3667-4C95-42C1-89D5-F71004AA1475}.Release|Any CPU.ActiveCfg = Release|Any CPU
		{893A3667-4C95-42C1-89D5-F71004AA1475}.Release|Any CPU.Build.0 = Release|Any CPU
		{1D431F26-3DE4-4E6A-8559-BD3437FA8937}.Debug|Any CPU.ActiveCfg = Debug|Any CPU
		{1D431F26-3DE4-4E6A-8559-BD3437FA8937}.Debug|Any CPU.Build.0 = Debug|Any CPU
		{1D431F26-3DE4-4E6A-8559-BD3437FA8937}.Release|Any CPU.ActiveCfg = Release|Any CPU
		{1D431F26-3DE4-4E6A-8559-BD3437FA8937}.Release|Any CPU.Build.0 = Release|Any CPU
	EndGlobalSection
	GlobalSection(SolutionProperties) = preSolution
		HideSolutionNode = FALSE
	EndGlobalSection
	GlobalSection(NestedProjects) = preSolution
		{EE5BC0E7-D7F7-48B1-B8FE-786F8FCEFA49} = {727C9BF0-2B24-4AD6-9246-A03FDDC0FFFD}
		{893A3667-4C95-42C1-89D5-F71004AA1475} = {EF0267D9-08CE-4732-A119-BC7D887CF6AD}
		{32492C29-9352-4E6D-AE5F-A46456F57C3D} = {EF0267D9-08CE-4732-A119-BC7D887CF6AD}
		{1F9CB232-B915-4272-8E49-55EAA7F81D22} = {EF0267D9-08CE-4732-A119-BC7D887CF6AD}
		{1BAC41D0-59B9-4259-B170-63AFCF08A712} = {AACCE101-CCA5-47A6-A55C-443992F60A59}
	EndGlobalSection
EndGlobal
