
Microsoft Visual Studio Solution File, Format Version 12.00
# Visual Studio 2012
Project("{2150E333-8FDC-42A3-9474-1A3956D46DE8}") = ".nuget", ".nuget", "{D12EB256-3259-4249-A503-1F50D12EB3EC}"
	ProjectSection(SolutionItems) = preProject
		.nuget\NuGet.Config = .nuget\NuGet.Config
		.nuget\NuGet.exe = .nuget\NuGet.exe
		.nuget\NuGet.targets = .nuget\NuGet.targets
	EndProjectSection
EndProject
Project("{FAE04EC0-301F-11D3-BF4B-00C04F79EFBC}") = "Routing", "Routing\Routing.csproj", "{8CE997F1-7139-4C69-8AEC-050BF6D09220}"
EndProject
Project("{FAE04EC0-301F-11D3-BF4B-00C04F79EFBC}") = "Messages", "Messages\Messages.csproj", "{C982BBF2-5B22-4106-8E73-8CF41253C011}"
EndProject
Project("{FAE04EC0-301F-11D3-BF4B-00C04F79EFBC}") = "Common", "Common\Common.csproj", "{61774489-C934-4B15-B17E-2E2F29245D6B}"
EndProject
Project("{2150E333-8FDC-42A3-9474-1A3956D46DE8}") = "Clients", "Clients", "{AFE03D00-151C-4C64-A1A3-92D1D22731F8}"
EndProject
Project("{2150E333-8FDC-42A3-9474-1A3956D46DE8}") = "Operations", "Operations", "{C38B6009-7622-4461-BDA7-3ED367CF96CC}"
EndProject
Project("{FAE04EC0-301F-11D3-BF4B-00C04F79EFBC}") = "Assemble", "Assemble\Assemble.csproj", "{3291683A-A3DF-4F6E-9B5E-E2069822F2F2}"
EndProject
Project("{FAE04EC0-301F-11D3-BF4B-00C04F79EFBC}") = "Scrap", "Scrap\Scrap.csproj", "{1B49E78F-B132-4F02-AE89-AE47098DF6DA}"
EndProject
Project("{FAE04EC0-301F-11D3-BF4B-00C04F79EFBC}") = "Supermarket", "Supermarket\Supermarket.csproj", "{58DAA99A-27E6-4149-8CDD-3527CC98D155}"
EndProject
Project("{FAE04EC0-301F-11D3-BF4B-00C04F79EFBC}") = "InspectionAndRework", "InspectionAndRework\InspectionAndRework.csproj", "{B4932D87-7E96-4D2B-89E4-EB0CBEBD14EA}"
EndProject
Global
	GlobalSection(SolutionConfigurationPlatforms) = preSolution
		Debug|Any CPU = Debug|Any CPU
		Release|Any CPU = Release|Any CPU
	EndGlobalSection
	GlobalSection(ProjectConfigurationPlatforms) = postSolution
		{8CE997F1-7139-4C69-8AEC-050BF6D09220}.Debug|Any CPU.ActiveCfg = Debug|Any CPU
		{8CE997F1-7139-4C69-8AEC-050BF6D09220}.Debug|Any CPU.Build.0 = Debug|Any CPU
		{8CE997F1-7139-4C69-8AEC-050BF6D09220}.Release|Any CPU.ActiveCfg = Release|Any CPU
		{8CE997F1-7139-4C69-8AEC-050BF6D09220}.Release|Any CPU.Build.0 = Release|Any CPU
		{C982BBF2-5B22-4106-8E73-8CF41253C011}.Debug|Any CPU.ActiveCfg = Debug|Any CPU
		{C982BBF2-5B22-4106-8E73-8CF41253C011}.Debug|Any CPU.Build.0 = Debug|Any CPU
		{C982BBF2-5B22-4106-8E73-8CF41253C011}.Release|Any CPU.ActiveCfg = Release|Any CPU
		{C982BBF2-5B22-4106-8E73-8CF41253C011}.Release|Any CPU.Build.0 = Release|Any CPU
		{61774489-C934-4B15-B17E-2E2F29245D6B}.Debug|Any CPU.ActiveCfg = Debug|Any CPU
		{61774489-C934-4B15-B17E-2E2F29245D6B}.Debug|Any CPU.Build.0 = Debug|Any CPU
		{61774489-C934-4B15-B17E-2E2F29245D6B}.Release|Any CPU.ActiveCfg = Release|Any CPU
		{61774489-C934-4B15-B17E-2E2F29245D6B}.Release|Any CPU.Build.0 = Release|Any CPU
		{3291683A-A3DF-4F6E-9B5E-E2069822F2F2}.Debug|Any CPU.ActiveCfg = Debug|Any CPU
		{3291683A-A3DF-4F6E-9B5E-E2069822F2F2}.Debug|Any CPU.Build.0 = Debug|Any CPU
		{3291683A-A3DF-4F6E-9B5E-E2069822F2F2}.Release|Any CPU.ActiveCfg = Release|Any CPU
		{3291683A-A3DF-4F6E-9B5E-E2069822F2F2}.Release|Any CPU.Build.0 = Release|Any CPU
		{1B49E78F-B132-4F02-AE89-AE47098DF6DA}.Debug|Any CPU.ActiveCfg = Debug|Any CPU
		{1B49E78F-B132-4F02-AE89-AE47098DF6DA}.Debug|Any CPU.Build.0 = Debug|Any CPU
		{1B49E78F-B132-4F02-AE89-AE47098DF6DA}.Release|Any CPU.ActiveCfg = Release|Any CPU
		{1B49E78F-B132-4F02-AE89-AE47098DF6DA}.Release|Any CPU.Build.0 = Release|Any CPU
		{58DAA99A-27E6-4149-8CDD-3527CC98D155}.Debug|Any CPU.ActiveCfg = Debug|Any CPU
		{58DAA99A-27E6-4149-8CDD-3527CC98D155}.Debug|Any CPU.Build.0 = Debug|Any CPU
		{58DAA99A-27E6-4149-8CDD-3527CC98D155}.Release|Any CPU.ActiveCfg = Release|Any CPU
		{58DAA99A-27E6-4149-8CDD-3527CC98D155}.Release|Any CPU.Build.0 = Release|Any CPU
		{B4932D87-7E96-4D2B-89E4-EB0CBEBD14EA}.Debug|Any CPU.ActiveCfg = Debug|Any CPU
		{B4932D87-7E96-4D2B-89E4-EB0CBEBD14EA}.Debug|Any CPU.Build.0 = Debug|Any CPU
		{B4932D87-7E96-4D2B-89E4-EB0CBEBD14EA}.Release|Any CPU.ActiveCfg = Release|Any CPU
		{B4932D87-7E96-4D2B-89E4-EB0CBEBD14EA}.Release|Any CPU.Build.0 = Release|Any CPU
	EndGlobalSection
	GlobalSection(SolutionProperties) = preSolution
		HideSolutionNode = FALSE
	EndGlobalSection
	GlobalSection(NestedProjects) = preSolution
		{3291683A-A3DF-4F6E-9B5E-E2069822F2F2} = {C38B6009-7622-4461-BDA7-3ED367CF96CC}
		{1B49E78F-B132-4F02-AE89-AE47098DF6DA} = {C38B6009-7622-4461-BDA7-3ED367CF96CC}
		{58DAA99A-27E6-4149-8CDD-3527CC98D155} = {C38B6009-7622-4461-BDA7-3ED367CF96CC}
		{B4932D87-7E96-4D2B-89E4-EB0CBEBD14EA} = {C38B6009-7622-4461-BDA7-3ED367CF96CC}
	EndGlobalSection
EndGlobal
